// !$*UTF8*$!
{
	archiveVersion = 1;
	classes = {
	};
	objectVersion = 55;
	objects = {

/* Begin PBXBuildFile section */
		3DA6BF89CC2DB8CCD16827BF /* Pods_BeMyPlan.framework in Frameworks */ = {isa = PBXBuildFile; fileRef = D3B06D34F8CCE8B987563F36 /* Pods_BeMyPlan.framework */; };
		F261EC7927873A7D00AF094F /* MainCardCVC.swift in Sources */ = {isa = PBXBuildFile; fileRef = F261EC7727873A7D00AF094F /* MainCardCVC.swift */; };
		F261EC7A27873A7D00AF094F /* MainCardCVC.xib in Resources */ = {isa = PBXBuildFile; fileRef = F261EC7827873A7D00AF094F /* MainCardCVC.xib */; };
		F261EC7C27873D3C00AF094F /* MainCardData.swift in Sources */ = {isa = PBXBuildFile; fileRef = F261EC7B27873D3C00AF094F /* MainCardData.swift */; };
		F2C5F18E2786EACB00BE4036 /* MainCardView.swift in Sources */ = {isa = PBXBuildFile; fileRef = F2C5F18D2786EACB00BE4036 /* MainCardView.swift */; };
		F2C5F1902786EAE200BE4036 /* MainCardView.xib in Resources */ = {isa = PBXBuildFile; fileRef = F2C5F18F2786EAE200BE4036 /* MainCardView.xib */; };
		F2C5F1922786EB3300BE4036 /* MainListView.swift in Sources */ = {isa = PBXBuildFile; fileRef = F2C5F1912786EB3300BE4036 /* MainListView.swift */; };
		F2C5F1942786EB3C00BE4036 /* MainListView.xib in Resources */ = {isa = PBXBuildFile; fileRef = F2C5F1932786EB3C00BE4036 /* MainListView.xib */; };
		F2C5F1962786EF0000BE4036 /* addSubViewFromNib.swift in Sources */ = {isa = PBXBuildFile; fileRef = F2C5F1952786EF0000BE4036 /* addSubViewFromNib.swift */; };
		FD09DD5127855E33006DA050 /* GoogleService-Info.plist in Resources */ = {isa = PBXBuildFile; fileRef = FD09DD5027855E32006DA050 /* GoogleService-Info.plist */; };
		FD09DD9827856387006DA050 /* SystemConfiguration.framework in Frameworks */ = {isa = PBXBuildFile; fileRef = FD09DD9727856387006DA050 /* SystemConfiguration.framework */; };
		FD09DD9A27856394006DA050 /* CoreLocation.framework in Frameworks */ = {isa = PBXBuildFile; fileRef = FD09DD9927856394006DA050 /* CoreLocation.framework */; };
		FD09DD9C2785639B006DA050 /* QuartzCore.framework in Frameworks */ = {isa = PBXBuildFile; fileRef = FD09DD9B2785639B006DA050 /* QuartzCore.framework */; };
		FD09DDD227856A31006DA050 /* map_pinup_custom@3x.png in Resources */ = {isa = PBXBuildFile; fileRef = FD09DDAD27856A31006DA050 /* map_pinup_custom@3x.png */; };
		FD09DDD327856A31006DA050 /* map_pin_custom.png in Resources */ = {isa = PBXBuildFile; fileRef = FD09DDAE27856A31006DA050 /* map_pin_custom.png */; };
		FD09DDD427856A31006DA050 /* shadow_balloon.png in Resources */ = {isa = PBXBuildFile; fileRef = FD09DDAF27856A31006DA050 /* shadow_balloon.png */; };
		FD09DDD527856A31006DA050 /* map_pinup.png in Resources */ = {isa = PBXBuildFile; fileRef = FD09DDB027856A31006DA050 /* map_pinup.png */; };
		FD09DDD627856A31006DA050 /* detail_button.png in Resources */ = {isa = PBXBuildFile; fileRef = FD09DDB127856A31006DA050 /* detail_button.png */; };
		FD09DDD727856A31006DA050 /* map_pin_custom@3x.png in Resources */ = {isa = PBXBuildFile; fileRef = FD09DDB227856A31006DA050 /* map_pin_custom@3x.png */; };
		FD09DDD827856A31006DA050 /* map_pinup@3x.png in Resources */ = {isa = PBXBuildFile; fileRef = FD09DDB327856A31006DA050 /* map_pinup@3x.png */; };
		FD09DDD927856A31006DA050 /* map_pin_shadow@3x.png in Resources */ = {isa = PBXBuildFile; fileRef = FD09DDB427856A31006DA050 /* map_pin_shadow@3x.png */; };
		FD09DDDA27856A31006DA050 /* copyright.png in Resources */ = {isa = PBXBuildFile; fileRef = FD09DDB527856A31006DA050 /* copyright.png */; };
		FD09DDDB27856A31006DA050 /* th_line.png in Resources */ = {isa = PBXBuildFile; fileRef = FD09DDB627856A31006DA050 /* th_line.png */; };
		FD09DDDC27856A31006DA050 /* map_pin_red@3x.png in Resources */ = {isa = PBXBuildFile; fileRef = FD09DDB727856A31006DA050 /* map_pin_red@3x.png */; };
		FD09DDDD27856A31006DA050 /* daum_copyright.png in Resources */ = {isa = PBXBuildFile; fileRef = FD09DDB827856A31006DA050 /* daum_copyright.png */; };
		FD09DDDE27856A31006DA050 /* map_pin@3x.png in Resources */ = {isa = PBXBuildFile; fileRef = FD09DDB927856A31006DA050 /* map_pin@3x.png */; };
		FD09DDDF27856A31006DA050 /* map_present_tracking.png in Resources */ = {isa = PBXBuildFile; fileRef = FD09DDBA27856A31006DA050 /* map_present_tracking.png */; };
		FD09DDE027856A31006DA050 /* map_pin_red.png in Resources */ = {isa = PBXBuildFile; fileRef = FD09DDBB27856A31006DA050 /* map_pin_red.png */; };
		FD09DDE127856A31006DA050 /* info_box.png in Resources */ = {isa = PBXBuildFile; fileRef = FD09DDC527856A31006DA050 /* info_box.png */; };
		FD09DDE227856A31006DA050 /* point_sprite.png in Resources */ = {isa = PBXBuildFile; fileRef = FD09DDC627856A31006DA050 /* point_sprite.png */; };
		FD09DDE327856A31006DA050 /* map_pinup_custom.png in Resources */ = {isa = PBXBuildFile; fileRef = FD09DDC727856A31006DA050 /* map_pinup_custom.png */; };
		FD09DDE427856A31006DA050 /* info_box_tail.png in Resources */ = {isa = PBXBuildFile; fileRef = FD09DDC827856A31006DA050 /* info_box_tail.png */; };
		FD09DDE527856A31006DA050 /* noimage256.png in Resources */ = {isa = PBXBuildFile; fileRef = FD09DDC927856A31006DA050 /* noimage256.png */; };
		FD09DDE627856A31006DA050 /* map_present_direction.png in Resources */ = {isa = PBXBuildFile; fileRef = FD09DDCA27856A31006DA050 /* map_present_direction.png */; };
		FD09DDE727856A31006DA050 /* map_pin.png in Resources */ = {isa = PBXBuildFile; fileRef = FD09DDCB27856A31006DA050 /* map_pin.png */; };
		FD09DDE827856A31006DA050 /* map_present.png in Resources */ = {isa = PBXBuildFile; fileRef = FD09DDCC27856A31006DA050 /* map_present.png */; };
		FD09DDE927856A31006DA050 /* noimage.png in Resources */ = {isa = PBXBuildFile; fileRef = FD09DDCD27856A31006DA050 /* noimage.png */; };
		FD09DDEA27856A31006DA050 /* map_present_background_update.png in Resources */ = {isa = PBXBuildFile; fileRef = FD09DDCE27856A31006DA050 /* map_present_background_update.png */; };
		FD09DDEB27856A31006DA050 /* daum_th_line.png in Resources */ = {isa = PBXBuildFile; fileRef = FD09DDCF27856A31006DA050 /* daum_th_line.png */; };
		FD09DDEC27856A31006DA050 /* map_pin_shadow.png in Resources */ = {isa = PBXBuildFile; fileRef = FD09DDD027856A31006DA050 /* map_pin_shadow.png */; };
		FD09DDED27856A31006DA050 /* DaumMap.framework in Frameworks */ = {isa = PBXBuildFile; fileRef = FD09DDD127856A31006DA050 /* DaumMap.framework */; };
		FD09DDF1278577CF006DA050 /* BaseService.swift in Sources */ = {isa = PBXBuildFile; fileRef = FD09DDF0278577CF006DA050 /* BaseService.swift */; };
		FD09DDF3278577F4006DA050 /* BaseAPI.swift in Sources */ = {isa = PBXBuildFile; fileRef = FD09DDF2278577F4006DA050 /* BaseAPI.swift */; };
		FD09DDF527857809006DA050 /* Config.swift in Sources */ = {isa = PBXBuildFile; fileRef = FD09DDF427857809006DA050 /* Config.swift */; };
		FD09DDF727857841006DA050 /* UITableViewRegisterable.swift in Sources */ = {isa = PBXBuildFile; fileRef = FD09DDF627857841006DA050 /* UITableViewRegisterable.swift */; };
		FD09DDF927857858006DA050 /* UICollectionViewRegisterable.swift in Sources */ = {isa = PBXBuildFile; fileRef = FD09DDF827857858006DA050 /* UICollectionViewRegisterable.swift */; };
		FD09DDFC278578B1006DA050 /* ColorLiterals.swift in Sources */ = {isa = PBXBuildFile; fileRef = FD09DDFB278578B1006DA050 /* ColorLiterals.swift */; };
		FD09DDFE278578BA006DA050 /* StringLiterals.swift in Sources */ = {isa = PBXBuildFile; fileRef = FD09DDFD278578BA006DA050 /* StringLiterals.swift */; };
		FD09DE00278578C4006DA050 /* ImageLiterals.swift in Sources */ = {isa = PBXBuildFile; fileRef = FD09DDFF278578C4006DA050 /* ImageLiterals.swift */; };
		FD09DE032785794B006DA050 /* makeVibrate.swift in Sources */ = {isa = PBXBuildFile; fileRef = FD09DE022785794B006DA050 /* makeVibrate.swift */; };
		FD09DE052785795D006DA050 /* applyShadow.swift in Sources */ = {isa = PBXBuildFile; fileRef = FD09DE042785795D006DA050 /* applyShadow.swift */; };
		FD09DE0727857971006DA050 /* calculateTopInset.swift in Sources */ = {isa = PBXBuildFile; fileRef = FD09DE0627857971006DA050 /* calculateTopInset.swift */; };
		FD09DE092785797B006DA050 /* addToolBar.swift in Sources */ = {isa = PBXBuildFile; fileRef = FD09DE082785797B006DA050 /* addToolBar.swift */; };
		FD09DE0B27857995006DA050 /* calculatePastTime.swift in Sources */ = {isa = PBXBuildFile; fileRef = FD09DE0A27857995006DA050 /* calculatePastTime.swift */; };
		FD09DE0D278579CC006DA050 /* showNetworkAlert.swift in Sources */ = {isa = PBXBuildFile; fileRef = FD09DE0C278579CC006DA050 /* showNetworkAlert.swift */; };
		FD09DE0F27857A2E006DA050 /* makeAlert.swift in Sources */ = {isa = PBXBuildFile; fileRef = FD09DE0E27857A2E006DA050 /* makeAlert.swift */; };
		FD09DE1127857A5C006DA050 /* pressAction.swift in Sources */ = {isa = PBXBuildFile; fileRef = FD09DE1027857A5C006DA050 /* pressAction.swift */; };
		FD09DE1327857AE1006DA050 /* successCatch + Result.swift in Sources */ = {isa = PBXBuildFile; fileRef = FD09DE1227857AE1006DA050 /* successCatch + Result.swift */; };
		FD09DE1527857B36006DA050 /* getClassName.swift in Sources */ = {isa = PBXBuildFile; fileRef = FD09DE1427857B36006DA050 /* getClassName.swift */; };
		FD09DE1727857B5D006DA050 /* controllerFromStoryboard + UIViewController.swift in Sources */ = {isa = PBXBuildFile; fileRef = FD09DE1627857B5D006DA050 /* controllerFromStoryboard + UIViewController.swift */; };
		FD09DE1E27857CDC006DA050 /* HomeVC.swift in Sources */ = {isa = PBXBuildFile; fileRef = FD09DE1D27857CDC006DA050 /* HomeVC.swift */; };
		FD09DE2027857CF2006DA050 /* LoginVC.swift in Sources */ = {isa = PBXBuildFile; fileRef = FD09DE1F27857CF2006DA050 /* LoginVC.swift */; };
		FD09DE2227857D00006DA050 /* SplashVC.swift in Sources */ = {isa = PBXBuildFile; fileRef = FD09DE2127857D00006DA050 /* SplashVC.swift */; };
		FD09DE2427857D0F006DA050 /* MyPageVC.swift in Sources */ = {isa = PBXBuildFile; fileRef = FD09DE2327857D0F006DA050 /* MyPageVC.swift */; };
		FD09DE2727857DE3006DA050 /* GenericResponse.swift in Sources */ = {isa = PBXBuildFile; fileRef = FD09DE2627857DE3006DA050 /* GenericResponse.swift */; };
		FD09DE2927857E25006DA050 /* StoryboardLiterals.swift in Sources */ = {isa = PBXBuildFile; fileRef = FD09DE2827857E25006DA050 /* StoryboardLiterals.swift */; };
		FD09DE2D27858B41006DA050 /* Metal.framework in Frameworks */ = {isa = PBXBuildFile; fileRef = FD09DE2C27858B41006DA050 /* Metal.framework */; };
		FD3211A927841948007D63D5 /* AppDelegate.swift in Sources */ = {isa = PBXBuildFile; fileRef = FD3211A827841948007D63D5 /* AppDelegate.swift */; };
		FD3211AB27841948007D63D5 /* SceneDelegate.swift in Sources */ = {isa = PBXBuildFile; fileRef = FD3211AA27841948007D63D5 /* SceneDelegate.swift */; };
		FD3211AD27841948007D63D5 /* ViewController.swift in Sources */ = {isa = PBXBuildFile; fileRef = FD3211AC27841948007D63D5 /* ViewController.swift */; };
		FD3211B027841948007D63D5 /* Main.storyboard in Resources */ = {isa = PBXBuildFile; fileRef = FD3211AE27841948007D63D5 /* Main.storyboard */; };
		FD3211B227841949007D63D5 /* Assets.xcassets in Resources */ = {isa = PBXBuildFile; fileRef = FD3211B127841949007D63D5 /* Assets.xcassets */; };
		FD3211B527841949007D63D5 /* LaunchScreen.storyboard in Resources */ = {isa = PBXBuildFile; fileRef = FD3211B327841949007D63D5 /* LaunchScreen.storyboard */; };
		FD3211C3278433CF007D63D5 /* .swiftlint.yml in Resources */ = {isa = PBXBuildFile; fileRef = FD3211C2278433CF007D63D5 /* .swiftlint.yml */; };
		FDF980BC2786CE660009A14E /* paybooc_OTF_Bold.otf in Resources */ = {isa = PBXBuildFile; fileRef = FDF980BA2786CE660009A14E /* paybooc_OTF_Bold.otf */; };
		FDF980BD2786CE660009A14E /* Spoqa_Han_Sans_Neo_Bold.otf in Resources */ = {isa = PBXBuildFile; fileRef = FDF980BB2786CE660009A14E /* Spoqa_Han_Sans_Neo_Bold.otf */; };
		FDF980BF2786CE700009A14E /* Spoqa_Han_Sans_Neo_Regular.otf in Resources */ = {isa = PBXBuildFile; fileRef = FDF980BE2786CE700009A14E /* Spoqa_Han_Sans_Neo_Regular.otf */; };
		FDF980C12786D14B0009A14E /* setDefaultFonts.swift in Sources */ = {isa = PBXBuildFile; fileRef = FDF980C02786D14B0009A14E /* setDefaultFonts.swift */; };
		FDF980C62786D1A40009A14E /* Home.storyboard in Resources */ = {isa = PBXBuildFile; fileRef = FDF980C52786D1A40009A14E /* Home.storyboard */; };
		FDF980C82786D2360009A14E /* PlanList.storyboard in Resources */ = {isa = PBXBuildFile; fileRef = FDF980C72786D2360009A14E /* PlanList.storyboard */; };
		FDF980CA2786D23D0009A14E /* TravelSpot.storyboard in Resources */ = {isa = PBXBuildFile; fileRef = FDF980C92786D23D0009A14E /* TravelSpot.storyboard */; };
		FDF980CC2786D2470009A14E /* Splash.storyboard in Resources */ = {isa = PBXBuildFile; fileRef = FDF980CB2786D2470009A14E /* Splash.storyboard */; };
		FDF980CE2786D2550009A14E /* Login.storyboard in Resources */ = {isa = PBXBuildFile; fileRef = FDF980CD2786D2550009A14E /* Login.storyboard */; };
		FDF980D02786D2600009A14E /* MyPage.storyboard in Resources */ = {isa = PBXBuildFile; fileRef = FDF980CF2786D2600009A14E /* MyPage.storyboard */; };
		FDF980D22786D2EB0009A14E /* TravelSpotVC.swift in Sources */ = {isa = PBXBuildFile; fileRef = FDF980D12786D2EB0009A14E /* TravelSpotVC.swift */; };
		FDF980D42786D2F60009A14E /* PlanListVC.swift in Sources */ = {isa = PBXBuildFile; fileRef = FDF980D32786D2F60009A14E /* PlanListVC.swift */; };
		FDF980D62786D5320009A14E /* makePayBoocFont.swift in Sources */ = {isa = PBXBuildFile; fileRef = FDF980D52786D5320009A14E /* makePayBoocFont.swift */; };
/* End PBXBuildFile section */

/* Begin PBXFileReference section */
		B13B8456ECB953D5894B487B /* Pods-BeMyPlan.release.xcconfig */ = {isa = PBXFileReference; includeInIndex = 1; lastKnownFileType = text.xcconfig; name = "Pods-BeMyPlan.release.xcconfig"; path = "Target Support Files/Pods-BeMyPlan/Pods-BeMyPlan.release.xcconfig"; sourceTree = "<group>"; };
		D3B06D34F8CCE8B987563F36 /* Pods_BeMyPlan.framework */ = {isa = PBXFileReference; explicitFileType = wrapper.framework; includeInIndex = 0; path = Pods_BeMyPlan.framework; sourceTree = BUILT_PRODUCTS_DIR; };
		D8AA4B1E5B49BFC40FA51456 /* Pods-BeMyPlan.debug.xcconfig */ = {isa = PBXFileReference; includeInIndex = 1; lastKnownFileType = text.xcconfig; name = "Pods-BeMyPlan.debug.xcconfig"; path = "Target Support Files/Pods-BeMyPlan/Pods-BeMyPlan.debug.xcconfig"; sourceTree = "<group>"; };
		F261EC7727873A7D00AF094F /* MainCardCVC.swift */ = {isa = PBXFileReference; lastKnownFileType = sourcecode.swift; path = MainCardCVC.swift; sourceTree = "<group>"; };
		F261EC7827873A7D00AF094F /* MainCardCVC.xib */ = {isa = PBXFileReference; lastKnownFileType = file.xib; path = MainCardCVC.xib; sourceTree = "<group>"; };
		F261EC7B27873D3C00AF094F /* MainCardData.swift */ = {isa = PBXFileReference; lastKnownFileType = sourcecode.swift; path = MainCardData.swift; sourceTree = "<group>"; };
		F2C5F18D2786EACB00BE4036 /* MainCardView.swift */ = {isa = PBXFileReference; lastKnownFileType = sourcecode.swift; path = MainCardView.swift; sourceTree = "<group>"; };
		F2C5F18F2786EAE200BE4036 /* MainCardView.xib */ = {isa = PBXFileReference; lastKnownFileType = file.xib; path = MainCardView.xib; sourceTree = "<group>"; };
		F2C5F1912786EB3300BE4036 /* MainListView.swift */ = {isa = PBXFileReference; lastKnownFileType = sourcecode.swift; path = MainListView.swift; sourceTree = "<group>"; };
		F2C5F1932786EB3C00BE4036 /* MainListView.xib */ = {isa = PBXFileReference; lastKnownFileType = file.xib; path = MainListView.xib; sourceTree = "<group>"; };
		F2C5F1952786EF0000BE4036 /* addSubViewFromNib.swift */ = {isa = PBXFileReference; lastKnownFileType = sourcecode.swift; path = addSubViewFromNib.swift; sourceTree = "<group>"; };
		FD09DD5027855E32006DA050 /* GoogleService-Info.plist */ = {isa = PBXFileReference; fileEncoding = 4; lastKnownFileType = text.plist.xml; path = "GoogleService-Info.plist"; sourceTree = "<group>"; };
		FD09DD9527856377006DA050 /* OpenGLES.framework */ = {isa = PBXFileReference; lastKnownFileType = wrapper.framework; name = OpenGLES.framework; path = System/Library/Frameworks/OpenGLES.framework; sourceTree = SDKROOT; };
		FD09DD9727856387006DA050 /* SystemConfiguration.framework */ = {isa = PBXFileReference; lastKnownFileType = wrapper.framework; name = SystemConfiguration.framework; path = System/Library/Frameworks/SystemConfiguration.framework; sourceTree = SDKROOT; };
		FD09DD9927856394006DA050 /* CoreLocation.framework */ = {isa = PBXFileReference; lastKnownFileType = wrapper.framework; name = CoreLocation.framework; path = System/Library/Frameworks/CoreLocation.framework; sourceTree = SDKROOT; };
		FD09DD9B2785639B006DA050 /* QuartzCore.framework */ = {isa = PBXFileReference; lastKnownFileType = wrapper.framework; name = QuartzCore.framework; path = System/Library/Frameworks/QuartzCore.framework; sourceTree = SDKROOT; };
		FD09DD9D278563A5006DA050 /* libc++.tbd */ = {isa = PBXFileReference; lastKnownFileType = "sourcecode.text-based-dylib-definition"; name = "libc++.tbd"; path = "usr/lib/libc++.tbd"; sourceTree = SDKROOT; };
		FD09DD9E278563AA006DA050 /* libxml2.tbd */ = {isa = PBXFileReference; lastKnownFileType = "sourcecode.text-based-dylib-definition"; name = libxml2.tbd; path = usr/lib/libxml2.tbd; sourceTree = SDKROOT; };
		FD09DD9F278563B1006DA050 /* libsqlite3.tbd */ = {isa = PBXFileReference; lastKnownFileType = "sourcecode.text-based-dylib-definition"; name = libsqlite3.tbd; path = usr/lib/libsqlite3.tbd; sourceTree = SDKROOT; };
		FD09DDA1278564CB006DA050 /* BeMyPlan-Bridging-Header.h */ = {isa = PBXFileReference; lastKnownFileType = sourcecode.c.h; path = "BeMyPlan-Bridging-Header.h"; sourceTree = SOURCE_ROOT; };
		FD09DDAD27856A31006DA050 /* map_pinup_custom@3x.png */ = {isa = PBXFileReference; lastKnownFileType = image.png; path = "map_pinup_custom@3x.png"; sourceTree = "<group>"; };
		FD09DDAE27856A31006DA050 /* map_pin_custom.png */ = {isa = PBXFileReference; lastKnownFileType = image.png; path = map_pin_custom.png; sourceTree = "<group>"; };
		FD09DDAF27856A31006DA050 /* shadow_balloon.png */ = {isa = PBXFileReference; lastKnownFileType = image.png; path = shadow_balloon.png; sourceTree = "<group>"; };
		FD09DDB027856A31006DA050 /* map_pinup.png */ = {isa = PBXFileReference; lastKnownFileType = image.png; path = map_pinup.png; sourceTree = "<group>"; };
		FD09DDB127856A31006DA050 /* detail_button.png */ = {isa = PBXFileReference; lastKnownFileType = image.png; path = detail_button.png; sourceTree = "<group>"; };
		FD09DDB227856A31006DA050 /* map_pin_custom@3x.png */ = {isa = PBXFileReference; lastKnownFileType = image.png; path = "map_pin_custom@3x.png"; sourceTree = "<group>"; };
		FD09DDB327856A31006DA050 /* map_pinup@3x.png */ = {isa = PBXFileReference; lastKnownFileType = image.png; path = "map_pinup@3x.png"; sourceTree = "<group>"; };
		FD09DDB427856A31006DA050 /* map_pin_shadow@3x.png */ = {isa = PBXFileReference; lastKnownFileType = image.png; path = "map_pin_shadow@3x.png"; sourceTree = "<group>"; };
		FD09DDB527856A31006DA050 /* copyright.png */ = {isa = PBXFileReference; lastKnownFileType = image.png; path = copyright.png; sourceTree = "<group>"; };
		FD09DDB627856A31006DA050 /* th_line.png */ = {isa = PBXFileReference; lastKnownFileType = image.png; path = th_line.png; sourceTree = "<group>"; };
		FD09DDB727856A31006DA050 /* map_pin_red@3x.png */ = {isa = PBXFileReference; lastKnownFileType = image.png; path = "map_pin_red@3x.png"; sourceTree = "<group>"; };
		FD09DDB827856A31006DA050 /* daum_copyright.png */ = {isa = PBXFileReference; lastKnownFileType = image.png; path = daum_copyright.png; sourceTree = "<group>"; };
		FD09DDB927856A31006DA050 /* map_pin@3x.png */ = {isa = PBXFileReference; lastKnownFileType = image.png; path = "map_pin@3x.png"; sourceTree = "<group>"; };
		FD09DDBA27856A31006DA050 /* map_present_tracking.png */ = {isa = PBXFileReference; lastKnownFileType = image.png; path = map_present_tracking.png; sourceTree = "<group>"; };
		FD09DDBB27856A31006DA050 /* map_pin_red.png */ = {isa = PBXFileReference; lastKnownFileType = image.png; path = map_pin_red.png; sourceTree = "<group>"; };
		FD09DDBD27856A31006DA050 /* MTMapPOIItem.h */ = {isa = PBXFileReference; fileEncoding = 4; lastKnownFileType = sourcecode.c.h; path = MTMapPOIItem.h; sourceTree = "<group>"; };
		FD09DDBE27856A31006DA050 /* MTMapCameraUpdate.h */ = {isa = PBXFileReference; fileEncoding = 4; lastKnownFileType = sourcecode.c.h; path = MTMapCameraUpdate.h; sourceTree = "<group>"; };
		FD09DDBF27856A31006DA050 /* MTMapReverseGeoCoder.h */ = {isa = PBXFileReference; fileEncoding = 4; lastKnownFileType = sourcecode.c.h; path = MTMapReverseGeoCoder.h; sourceTree = "<group>"; };
		FD09DDC027856A31006DA050 /* MTMapPolyline.h */ = {isa = PBXFileReference; fileEncoding = 4; lastKnownFileType = sourcecode.c.h; path = MTMapPolyline.h; sourceTree = "<group>"; };
		FD09DDC127856A31006DA050 /* MTMapLocationMarkerItem.h */ = {isa = PBXFileReference; fileEncoding = 4; lastKnownFileType = sourcecode.c.h; path = MTMapLocationMarkerItem.h; sourceTree = "<group>"; };
		FD09DDC227856A31006DA050 /* MTMapView.h */ = {isa = PBXFileReference; fileEncoding = 4; lastKnownFileType = sourcecode.c.h; path = MTMapView.h; sourceTree = "<group>"; };
		FD09DDC327856A31006DA050 /* MTMapGeometry.h */ = {isa = PBXFileReference; fileEncoding = 4; lastKnownFileType = sourcecode.c.h; path = MTMapGeometry.h; sourceTree = "<group>"; };
		FD09DDC427856A31006DA050 /* MTMapCircle.h */ = {isa = PBXFileReference; fileEncoding = 4; lastKnownFileType = sourcecode.c.h; path = MTMapCircle.h; sourceTree = "<group>"; };
		FD09DDC527856A31006DA050 /* info_box.png */ = {isa = PBXFileReference; lastKnownFileType = image.png; path = info_box.png; sourceTree = "<group>"; };
		FD09DDC627856A31006DA050 /* point_sprite.png */ = {isa = PBXFileReference; lastKnownFileType = image.png; path = point_sprite.png; sourceTree = "<group>"; };
		FD09DDC727856A31006DA050 /* map_pinup_custom.png */ = {isa = PBXFileReference; lastKnownFileType = image.png; path = map_pinup_custom.png; sourceTree = "<group>"; };
		FD09DDC827856A31006DA050 /* info_box_tail.png */ = {isa = PBXFileReference; lastKnownFileType = image.png; path = info_box_tail.png; sourceTree = "<group>"; };
		FD09DDC927856A31006DA050 /* noimage256.png */ = {isa = PBXFileReference; lastKnownFileType = image.png; path = noimage256.png; sourceTree = "<group>"; };
		FD09DDCA27856A31006DA050 /* map_present_direction.png */ = {isa = PBXFileReference; lastKnownFileType = image.png; path = map_present_direction.png; sourceTree = "<group>"; };
		FD09DDCB27856A31006DA050 /* map_pin.png */ = {isa = PBXFileReference; lastKnownFileType = image.png; path = map_pin.png; sourceTree = "<group>"; };
		FD09DDCC27856A31006DA050 /* map_present.png */ = {isa = PBXFileReference; lastKnownFileType = image.png; path = map_present.png; sourceTree = "<group>"; };
		FD09DDCD27856A31006DA050 /* noimage.png */ = {isa = PBXFileReference; lastKnownFileType = image.png; path = noimage.png; sourceTree = "<group>"; };
		FD09DDCE27856A31006DA050 /* map_present_background_update.png */ = {isa = PBXFileReference; lastKnownFileType = image.png; path = map_present_background_update.png; sourceTree = "<group>"; };
		FD09DDCF27856A31006DA050 /* daum_th_line.png */ = {isa = PBXFileReference; lastKnownFileType = image.png; path = daum_th_line.png; sourceTree = "<group>"; };
		FD09DDD027856A31006DA050 /* map_pin_shadow.png */ = {isa = PBXFileReference; lastKnownFileType = image.png; path = map_pin_shadow.png; sourceTree = "<group>"; };
		FD09DDD127856A31006DA050 /* DaumMap.framework */ = {isa = PBXFileReference; lastKnownFileType = wrapper.framework; path = DaumMap.framework; sourceTree = "<group>"; };
		FD09DDF0278577CF006DA050 /* BaseService.swift */ = {isa = PBXFileReference; lastKnownFileType = sourcecode.swift; path = BaseService.swift; sourceTree = "<group>"; };
		FD09DDF2278577F4006DA050 /* BaseAPI.swift */ = {isa = PBXFileReference; lastKnownFileType = sourcecode.swift; path = BaseAPI.swift; sourceTree = "<group>"; };
		FD09DDF427857809006DA050 /* Config.swift */ = {isa = PBXFileReference; lastKnownFileType = sourcecode.swift; path = Config.swift; sourceTree = "<group>"; };
		FD09DDF627857841006DA050 /* UITableViewRegisterable.swift */ = {isa = PBXFileReference; lastKnownFileType = sourcecode.swift; path = UITableViewRegisterable.swift; sourceTree = "<group>"; };
		FD09DDF827857858006DA050 /* UICollectionViewRegisterable.swift */ = {isa = PBXFileReference; lastKnownFileType = sourcecode.swift; path = UICollectionViewRegisterable.swift; sourceTree = "<group>"; };
		FD09DDFB278578B1006DA050 /* ColorLiterals.swift */ = {isa = PBXFileReference; lastKnownFileType = sourcecode.swift; path = ColorLiterals.swift; sourceTree = "<group>"; };
		FD09DDFD278578BA006DA050 /* StringLiterals.swift */ = {isa = PBXFileReference; lastKnownFileType = sourcecode.swift; path = StringLiterals.swift; sourceTree = "<group>"; };
		FD09DDFF278578C4006DA050 /* ImageLiterals.swift */ = {isa = PBXFileReference; indentWidth = 2; lastKnownFileType = sourcecode.swift; path = ImageLiterals.swift; sourceTree = "<group>"; tabWidth = 2; usesTabs = 1; };
		FD09DE022785794B006DA050 /* makeVibrate.swift */ = {isa = PBXFileReference; lastKnownFileType = sourcecode.swift; path = makeVibrate.swift; sourceTree = "<group>"; };
		FD09DE042785795D006DA050 /* applyShadow.swift */ = {isa = PBXFileReference; lastKnownFileType = sourcecode.swift; path = applyShadow.swift; sourceTree = "<group>"; };
		FD09DE0627857971006DA050 /* calculateTopInset.swift */ = {isa = PBXFileReference; lastKnownFileType = sourcecode.swift; path = calculateTopInset.swift; sourceTree = "<group>"; };
		FD09DE082785797B006DA050 /* addToolBar.swift */ = {isa = PBXFileReference; lastKnownFileType = sourcecode.swift; path = addToolBar.swift; sourceTree = "<group>"; };
		FD09DE0A27857995006DA050 /* calculatePastTime.swift */ = {isa = PBXFileReference; lastKnownFileType = sourcecode.swift; path = calculatePastTime.swift; sourceTree = "<group>"; };
		FD09DE0C278579CC006DA050 /* showNetworkAlert.swift */ = {isa = PBXFileReference; lastKnownFileType = sourcecode.swift; path = showNetworkAlert.swift; sourceTree = "<group>"; };
		FD09DE0E27857A2E006DA050 /* makeAlert.swift */ = {isa = PBXFileReference; lastKnownFileType = sourcecode.swift; path = makeAlert.swift; sourceTree = "<group>"; };
		FD09DE1027857A5C006DA050 /* pressAction.swift */ = {isa = PBXFileReference; lastKnownFileType = sourcecode.swift; path = pressAction.swift; sourceTree = "<group>"; };
		FD09DE1227857AE1006DA050 /* successCatch + Result.swift */ = {isa = PBXFileReference; lastKnownFileType = sourcecode.swift; path = "successCatch + Result.swift"; sourceTree = "<group>"; };
		FD09DE1427857B36006DA050 /* getClassName.swift */ = {isa = PBXFileReference; lastKnownFileType = sourcecode.swift; path = getClassName.swift; sourceTree = "<group>"; };
		FD09DE1627857B5D006DA050 /* controllerFromStoryboard + UIViewController.swift */ = {isa = PBXFileReference; lastKnownFileType = sourcecode.swift; path = "controllerFromStoryboard + UIViewController.swift"; sourceTree = "<group>"; };
		FD09DE1D27857CDC006DA050 /* HomeVC.swift */ = {isa = PBXFileReference; lastKnownFileType = sourcecode.swift; path = HomeVC.swift; sourceTree = "<group>"; usesTabs = 0; };
		FD09DE1F27857CF2006DA050 /* LoginVC.swift */ = {isa = PBXFileReference; lastKnownFileType = sourcecode.swift; path = LoginVC.swift; sourceTree = "<group>"; };
		FD09DE2127857D00006DA050 /* SplashVC.swift */ = {isa = PBXFileReference; lastKnownFileType = sourcecode.swift; path = SplashVC.swift; sourceTree = "<group>"; };
		FD09DE2327857D0F006DA050 /* MyPageVC.swift */ = {isa = PBXFileReference; lastKnownFileType = sourcecode.swift; path = MyPageVC.swift; sourceTree = "<group>"; };
		FD09DE2627857DE3006DA050 /* GenericResponse.swift */ = {isa = PBXFileReference; lastKnownFileType = sourcecode.swift; path = GenericResponse.swift; sourceTree = "<group>"; };
		FD09DE2827857E25006DA050 /* StoryboardLiterals.swift */ = {isa = PBXFileReference; lastKnownFileType = sourcecode.swift; path = StoryboardLiterals.swift; sourceTree = "<group>"; };
		FD09DE2C27858B41006DA050 /* Metal.framework */ = {isa = PBXFileReference; lastKnownFileType = wrapper.framework; name = Metal.framework; path = System/Library/Frameworks/Metal.framework; sourceTree = SDKROOT; };
		FD3211A527841948007D63D5 /* BeMyPlan.app */ = {isa = PBXFileReference; explicitFileType = wrapper.application; includeInIndex = 0; path = BeMyPlan.app; sourceTree = BUILT_PRODUCTS_DIR; };
		FD3211A827841948007D63D5 /* AppDelegate.swift */ = {isa = PBXFileReference; lastKnownFileType = sourcecode.swift; path = AppDelegate.swift; sourceTree = "<group>"; };
		FD3211AA27841948007D63D5 /* SceneDelegate.swift */ = {isa = PBXFileReference; lastKnownFileType = sourcecode.swift; path = SceneDelegate.swift; sourceTree = "<group>"; };
		FD3211AC27841948007D63D5 /* ViewController.swift */ = {isa = PBXFileReference; lastKnownFileType = sourcecode.swift; path = ViewController.swift; sourceTree = "<group>"; };
		FD3211AF27841948007D63D5 /* Base */ = {isa = PBXFileReference; lastKnownFileType = file.storyboard; name = Base; path = Base.lproj/Main.storyboard; sourceTree = "<group>"; };
		FD3211B127841949007D63D5 /* Assets.xcassets */ = {isa = PBXFileReference; lastKnownFileType = folder.assetcatalog; path = Assets.xcassets; sourceTree = "<group>"; };
		FD3211B427841949007D63D5 /* Base */ = {isa = PBXFileReference; lastKnownFileType = file.storyboard; name = Base; path = Base.lproj/LaunchScreen.storyboard; sourceTree = "<group>"; };
		FD3211B627841949007D63D5 /* Info.plist */ = {isa = PBXFileReference; lastKnownFileType = text.plist.xml; path = Info.plist; sourceTree = "<group>"; };
		FD3211C2278433CF007D63D5 /* .swiftlint.yml */ = {isa = PBXFileReference; lastKnownFileType = text.yaml; path = .swiftlint.yml; sourceTree = "<group>"; };
		FDF980BA2786CE660009A14E /* paybooc_OTF_Bold.otf */ = {isa = PBXFileReference; lastKnownFileType = file; path = paybooc_OTF_Bold.otf; sourceTree = "<group>"; };
		FDF980BB2786CE660009A14E /* Spoqa_Han_Sans_Neo_Bold.otf */ = {isa = PBXFileReference; lastKnownFileType = file; path = Spoqa_Han_Sans_Neo_Bold.otf; sourceTree = "<group>"; };
		FDF980BE2786CE700009A14E /* Spoqa_Han_Sans_Neo_Regular.otf */ = {isa = PBXFileReference; lastKnownFileType = file; path = Spoqa_Han_Sans_Neo_Regular.otf; sourceTree = "<group>"; };
		FDF980C02786D14B0009A14E /* setDefaultFonts.swift */ = {isa = PBXFileReference; lastKnownFileType = sourcecode.swift; path = setDefaultFonts.swift; sourceTree = "<group>"; };
		FDF980C52786D1A40009A14E /* Home.storyboard */ = {isa = PBXFileReference; lastKnownFileType = file.storyboard; path = Home.storyboard; sourceTree = "<group>"; };
		FDF980C72786D2360009A14E /* PlanList.storyboard */ = {isa = PBXFileReference; lastKnownFileType = file.storyboard; path = PlanList.storyboard; sourceTree = "<group>"; };
		FDF980C92786D23D0009A14E /* TravelSpot.storyboard */ = {isa = PBXFileReference; lastKnownFileType = file.storyboard; path = TravelSpot.storyboard; sourceTree = "<group>"; };
		FDF980CB2786D2470009A14E /* Splash.storyboard */ = {isa = PBXFileReference; lastKnownFileType = file.storyboard; path = Splash.storyboard; sourceTree = "<group>"; };
		FDF980CD2786D2550009A14E /* Login.storyboard */ = {isa = PBXFileReference; lastKnownFileType = file.storyboard; path = Login.storyboard; sourceTree = "<group>"; };
		FDF980CF2786D2600009A14E /* MyPage.storyboard */ = {isa = PBXFileReference; lastKnownFileType = file.storyboard; path = MyPage.storyboard; sourceTree = "<group>"; };
		FDF980D12786D2EB0009A14E /* TravelSpotVC.swift */ = {isa = PBXFileReference; lastKnownFileType = sourcecode.swift; path = TravelSpotVC.swift; sourceTree = "<group>"; };
		FDF980D32786D2F60009A14E /* PlanListVC.swift */ = {isa = PBXFileReference; lastKnownFileType = sourcecode.swift; path = PlanListVC.swift; sourceTree = "<group>"; };
		FDF980D52786D5320009A14E /* makePayBoocFont.swift */ = {isa = PBXFileReference; lastKnownFileType = sourcecode.swift; path = makePayBoocFont.swift; sourceTree = "<group>"; };
/* End PBXFileReference section */

/* Begin PBXFrameworksBuildPhase section */
		FD3211A227841947007D63D5 /* Frameworks */ = {
			isa = PBXFrameworksBuildPhase;
			buildActionMask = 2147483647;
			files = (
				FD09DD9C2785639B006DA050 /* QuartzCore.framework in Frameworks */,
				FD09DE2D27858B41006DA050 /* Metal.framework in Frameworks */,
				FD09DDED27856A31006DA050 /* DaumMap.framework in Frameworks */,
				FD09DD9A27856394006DA050 /* CoreLocation.framework in Frameworks */,
				FD09DD9827856387006DA050 /* SystemConfiguration.framework in Frameworks */,
				3DA6BF89CC2DB8CCD16827BF /* Pods_BeMyPlan.framework in Frameworks */,
			);
			runOnlyForDeploymentPostprocessing = 0;
		};
/* End PBXFrameworksBuildPhase section */

/* Begin PBXGroup section */
		3908C59B3D500CBFB4DD622B /* Frameworks */ = {
			isa = PBXGroup;
			children = (
				FD09DE2C27858B41006DA050 /* Metal.framework */,
				FD09DDAB27856A31006DA050 /* DaumMap.embeddedframework */,
				FD09DD9F278563B1006DA050 /* libsqlite3.tbd */,
				FD09DD9E278563AA006DA050 /* libxml2.tbd */,
				FD09DD9D278563A5006DA050 /* libc++.tbd */,
				FD09DD9B2785639B006DA050 /* QuartzCore.framework */,
				FD09DD9927856394006DA050 /* CoreLocation.framework */,
				FD09DD9727856387006DA050 /* SystemConfiguration.framework */,
				FD09DD9527856377006DA050 /* OpenGLES.framework */,
				D3B06D34F8CCE8B987563F36 /* Pods_BeMyPlan.framework */,
			);
			name = Frameworks;
			sourceTree = "<group>";
		};
		6F77842C2239262E3D685F1B /* Pods */ = {
			isa = PBXGroup;
			children = (
				D8AA4B1E5B49BFC40FA51456 /* Pods-BeMyPlan.debug.xcconfig */,
				B13B8456ECB953D5894B487B /* Pods-BeMyPlan.release.xcconfig */,
			);
			path = Pods;
			sourceTree = "<group>";
		};
		F261EC7627873A3F00AF094F /* MainCardItem */ = {
			isa = PBXGroup;
			children = (
				F261EC7727873A7D00AF094F /* MainCardCVC.swift */,
				F261EC7827873A7D00AF094F /* MainCardCVC.xib */,
				F261EC7B27873D3C00AF094F /* MainCardData.swift */,
			);
			path = MainCardItem;
			sourceTree = "<group>";
		};
		F2C5F18B2786EA5100BE4036 /* MainCard */ = {
			isa = PBXGroup;
			children = (
				F261EC7627873A3F00AF094F /* MainCardItem */,
				F2C5F18D2786EACB00BE4036 /* MainCardView.swift */,
				F2C5F18F2786EAE200BE4036 /* MainCardView.xib */,
			);
			path = MainCard;
			sourceTree = "<group>";
		};
		F2C5F18C2786EA5C00BE4036 /* MainList */ = {
			isa = PBXGroup;
			children = (
				F2C5F1912786EB3300BE4036 /* MainListView.swift */,
				F2C5F1932786EB3C00BE4036 /* MainListView.xib */,
			);
			path = MainList;
			sourceTree = "<group>";
		};
		FD09DDAB27856A31006DA050 /* DaumMap.embeddedframework */ = {
			isa = PBXGroup;
			children = (
				FD09DDAC27856A31006DA050 /* Resources */,
				FD09DDD127856A31006DA050 /* DaumMap.framework */,
			);
			path = DaumMap.embeddedframework;
			sourceTree = "<group>";
		};
		FD09DDAC27856A31006DA050 /* Resources */ = {
			isa = PBXGroup;
			children = (
				FD09DDAD27856A31006DA050 /* map_pinup_custom@3x.png */,
				FD09DDAE27856A31006DA050 /* map_pin_custom.png */,
				FD09DDAF27856A31006DA050 /* shadow_balloon.png */,
				FD09DDB027856A31006DA050 /* map_pinup.png */,
				FD09DDB127856A31006DA050 /* detail_button.png */,
				FD09DDB227856A31006DA050 /* map_pin_custom@3x.png */,
				FD09DDB327856A31006DA050 /* map_pinup@3x.png */,
				FD09DDB427856A31006DA050 /* map_pin_shadow@3x.png */,
				FD09DDB527856A31006DA050 /* copyright.png */,
				FD09DDB627856A31006DA050 /* th_line.png */,
				FD09DDB727856A31006DA050 /* map_pin_red@3x.png */,
				FD09DDB827856A31006DA050 /* daum_copyright.png */,
				FD09DDB927856A31006DA050 /* map_pin@3x.png */,
				FD09DDBA27856A31006DA050 /* map_present_tracking.png */,
				FD09DDBB27856A31006DA050 /* map_pin_red.png */,
				FD09DDBC27856A31006DA050 /* Headers */,
				FD09DDC527856A31006DA050 /* info_box.png */,
				FD09DDC627856A31006DA050 /* point_sprite.png */,
				FD09DDC727856A31006DA050 /* map_pinup_custom.png */,
				FD09DDC827856A31006DA050 /* info_box_tail.png */,
				FD09DDC927856A31006DA050 /* noimage256.png */,
				FD09DDCA27856A31006DA050 /* map_present_direction.png */,
				FD09DDCB27856A31006DA050 /* map_pin.png */,
				FD09DDCC27856A31006DA050 /* map_present.png */,
				FD09DDCD27856A31006DA050 /* noimage.png */,
				FD09DDCE27856A31006DA050 /* map_present_background_update.png */,
				FD09DDCF27856A31006DA050 /* daum_th_line.png */,
				FD09DDD027856A31006DA050 /* map_pin_shadow.png */,
			);
			path = Resources;
			sourceTree = "<group>";
		};
		FD09DDBC27856A31006DA050 /* Headers */ = {
			isa = PBXGroup;
			children = (
				FD09DDBD27856A31006DA050 /* MTMapPOIItem.h */,
				FD09DDBE27856A31006DA050 /* MTMapCameraUpdate.h */,
				FD09DDBF27856A31006DA050 /* MTMapReverseGeoCoder.h */,
				FD09DDC027856A31006DA050 /* MTMapPolyline.h */,
				FD09DDC127856A31006DA050 /* MTMapLocationMarkerItem.h */,
				FD09DDC227856A31006DA050 /* MTMapView.h */,
				FD09DDC327856A31006DA050 /* MTMapGeometry.h */,
				FD09DDC427856A31006DA050 /* MTMapCircle.h */,
			);
			path = Headers;
			sourceTree = "<group>";
		};
		FD09DDEE278577BA006DA050 /* Network */ = {
			isa = PBXGroup;
			children = (
				FD09DDEF278577C0006DA050 /* Service */,
				FD09DDF2278577F4006DA050 /* BaseAPI.swift */,
				FD09DDF427857809006DA050 /* Config.swift */,
			);
			path = Network;
			sourceTree = "<group>";
		};
		FD09DDEF278577C0006DA050 /* Service */ = {
			isa = PBXGroup;
			children = (
				FD09DDF0278577CF006DA050 /* BaseService.swift */,
			);
			path = Service;
			sourceTree = "<group>";
		};
		FD09DDFA278578A4006DA050 /* Literals */ = {
			isa = PBXGroup;
			children = (
				FD09DDFB278578B1006DA050 /* ColorLiterals.swift */,
				FD09DDFD278578BA006DA050 /* StringLiterals.swift */,
				FD09DDFF278578C4006DA050 /* ImageLiterals.swift */,
				FD09DE2827857E25006DA050 /* StoryboardLiterals.swift */,
			);
			path = Literals;
			sourceTree = "<group>";
		};
		FD09DE0127857927006DA050 /* Utils */ = {
			isa = PBXGroup;
			children = (
				FD09DE022785794B006DA050 /* makeVibrate.swift */,
				FD09DE042785795D006DA050 /* applyShadow.swift */,
				FD09DE0627857971006DA050 /* calculateTopInset.swift */,
				FD09DE082785797B006DA050 /* addToolBar.swift */,
				FD09DE0A27857995006DA050 /* calculatePastTime.swift */,
				FD09DE0C278579CC006DA050 /* showNetworkAlert.swift */,
				FD09DE0E27857A2E006DA050 /* makeAlert.swift */,
				FD09DE1027857A5C006DA050 /* pressAction.swift */,
				FD09DE1427857B36006DA050 /* getClassName.swift */,
				FDF980C02786D14B0009A14E /* setDefaultFonts.swift */,
				FDF980D52786D5320009A14E /* makePayBoocFont.swift */,
			);
			path = Utils;
			sourceTree = "<group>";
		};
		FD09DE1827857CA6006DA050 /* Home */ = {
			isa = PBXGroup;
			children = (
				F2C5F18C2786EA5C00BE4036 /* MainList */,
				F2C5F18B2786EA5100BE4036 /* MainCard */,
				FD09DE1D27857CDC006DA050 /* HomeVC.swift */,
				FDF980C52786D1A40009A14E /* Home.storyboard */,
			);
			path = Home;
			sourceTree = "<group>";
		};
		FD09DE1927857CAA006DA050 /* Splash */ = {
			isa = PBXGroup;
			children = (
				FD09DE2127857D00006DA050 /* SplashVC.swift */,
				FDF980CB2786D2470009A14E /* Splash.storyboard */,
			);
			path = Splash;
			sourceTree = "<group>";
		};
		FD09DE1A27857CB0006DA050 /* Login */ = {
			isa = PBXGroup;
			children = (
				FD09DE1F27857CF2006DA050 /* LoginVC.swift */,
				FDF980CD2786D2550009A14E /* Login.storyboard */,
			);
			path = Login;
			sourceTree = "<group>";
		};
		FD09DE1B27857CB8006DA050 /* MyPage */ = {
			isa = PBXGroup;
			children = (
				FD09DE2327857D0F006DA050 /* MyPageVC.swift */,
				FDF980CF2786D2600009A14E /* MyPage.storyboard */,
			);
			path = MyPage;
			sourceTree = "<group>";
		};
		FD09DE2527857DD6006DA050 /* Model */ = {
			isa = PBXGroup;
			children = (
				FD09DE2627857DE3006DA050 /* GenericResponse.swift */,
			);
			path = Model;
			sourceTree = "<group>";
		};
		FD32119C27841947007D63D5 = {
			isa = PBXGroup;
			children = (
				FD09DDA1278564CB006DA050 /* BeMyPlan-Bridging-Header.h */,
				FD3211C2278433CF007D63D5 /* .swiftlint.yml */,
				FD3211A727841948007D63D5 /* BeMyPlan */,
				FD3211A627841948007D63D5 /* Products */,
				6F77842C2239262E3D685F1B /* Pods */,
				3908C59B3D500CBFB4DD622B /* Frameworks */,
			);
			sourceTree = "<group>";
		};
		FD3211A627841948007D63D5 /* Products */ = {
			isa = PBXGroup;
			children = (
				FD3211A527841948007D63D5 /* BeMyPlan.app */,
			);
			name = Products;
			sourceTree = "<group>";
		};
		FD3211A727841948007D63D5 /* BeMyPlan */ = {
			isa = PBXGroup;
			children = (
				FD09DD5027855E32006DA050 /* GoogleService-Info.plist */,
				FD3211C627843F64007D63D5 /* Screen */,
				FD3211C527843F5E007D63D5 /* Global */,
				FD3211B627841949007D63D5 /* Info.plist */,
			);
			path = BeMyPlan;
			sourceTree = "<group>";
		};
		FD3211C527843F5E007D63D5 /* Global */ = {
			isa = PBXGroup;
			children = (
				FD09DE2527857DD6006DA050 /* Model */,
				FD09DDEE278577BA006DA050 /* Network */,
				FD09DE0127857927006DA050 /* Utils */,
				FD09DDFA278578A4006DA050 /* Literals */,
				FD3211CA27843FBF007D63D5 /* Protocol */,
				FD3211C927843FA5007D63D5 /* Resource */,
				FD3211C827843F84007D63D5 /* Extension */,
				FD3211C727843F7F007D63D5 /* Supporting Files */,
			);
			path = Global;
			sourceTree = "<group>";
		};
		FD3211C627843F64007D63D5 /* Screen */ = {
			isa = PBXGroup;
			children = (
				FDF980C42786D1900009A14E /* PlanList */,
				FDF980C32786D1670009A14E /* TravelSpot */,
				FD09DE1927857CAA006DA050 /* Splash */,
				FD09DE1A27857CB0006DA050 /* Login */,
				FD09DE1827857CA6006DA050 /* Home */,
				FD09DE1B27857CB8006DA050 /* MyPage */,
				FD3211AC27841948007D63D5 /* ViewController.swift */,
				FD3211AE27841948007D63D5 /* Main.storyboard */,
			);
			path = Screen;
			sourceTree = "<group>";
		};
		FD3211C727843F7F007D63D5 /* Supporting Files */ = {
			isa = PBXGroup;
			children = (
				FD3211B327841949007D63D5 /* LaunchScreen.storyboard */,
				FD3211A827841948007D63D5 /* AppDelegate.swift */,
				FD3211AA27841948007D63D5 /* SceneDelegate.swift */,
			);
			path = "Supporting Files";
			sourceTree = "<group>";
		};
		FD3211C827843F84007D63D5 /* Extension */ = {
			isa = PBXGroup;
			children = (
				FD09DE1227857AE1006DA050 /* successCatch + Result.swift */,
				FD09DE1627857B5D006DA050 /* controllerFromStoryboard + UIViewController.swift */,
				F2C5F1952786EF0000BE4036 /* addSubViewFromNib.swift */,
			);
			path = Extension;
			sourceTree = "<group>";
		};
		FD3211C927843FA5007D63D5 /* Resource */ = {
			isa = PBXGroup;
			children = (
				FDF980B92786CE1A0009A14E /* Fonts */,
				FD3211B127841949007D63D5 /* Assets.xcassets */,
			);
			path = Resource;
			sourceTree = "<group>";
		};
		FD3211CA27843FBF007D63D5 /* Protocol */ = {
			isa = PBXGroup;
			children = (
				FD09DDF627857841006DA050 /* UITableViewRegisterable.swift */,
				FD09DDF827857858006DA050 /* UICollectionViewRegisterable.swift */,
			);
			path = Protocol;
			sourceTree = "<group>";
		};
		FDF980B92786CE1A0009A14E /* Fonts */ = {
			isa = PBXGroup;
			children = (
				FDF980BE2786CE700009A14E /* Spoqa_Han_Sans_Neo_Regular.otf */,
				FDF980BA2786CE660009A14E /* paybooc_OTF_Bold.otf */,
				FDF980BB2786CE660009A14E /* Spoqa_Han_Sans_Neo_Bold.otf */,
			);
			path = Fonts;
			sourceTree = "<group>";
		};
		FDF980C32786D1670009A14E /* TravelSpot */ = {
			isa = PBXGroup;
			children = (
				FDF980C92786D23D0009A14E /* TravelSpot.storyboard */,
				FDF980D12786D2EB0009A14E /* TravelSpotVC.swift */,
			);
			path = TravelSpot;
			sourceTree = "<group>";
		};
		FDF980C42786D1900009A14E /* PlanList */ = {
			isa = PBXGroup;
			children = (
				FDF980C72786D2360009A14E /* PlanList.storyboard */,
				FDF980D32786D2F60009A14E /* PlanListVC.swift */,
			);
			path = PlanList;
			sourceTree = "<group>";
		};
/* End PBXGroup section */

/* Begin PBXNativeTarget section */
		FD3211A427841947007D63D5 /* BeMyPlan */ = {
			isa = PBXNativeTarget;
			buildConfigurationList = FD3211B927841949007D63D5 /* Build configuration list for PBXNativeTarget "BeMyPlan" */;
			buildPhases = (
				4A4D1846FD26CBDD885E6550 /* [CP] Check Pods Manifest.lock */,
				FD3211A127841947007D63D5 /* Sources */,
				FD3211A227841947007D63D5 /* Frameworks */,
				FD3211A327841947007D63D5 /* Resources */,
				FD3211C127843342007D63D5 /* ShellScript */,
				8D65AB50CAB04D2D20506625 /* [CP] Embed Pods Frameworks */,
			);
			buildRules = (
			);
			dependencies = (
			);
			name = BeMyPlan;
			packageProductDependencies = (
			);
			productName = BeMyPlan;
			productReference = FD3211A527841948007D63D5 /* BeMyPlan.app */;
			productType = "com.apple.product-type.application";
		};
/* End PBXNativeTarget section */

/* Begin PBXProject section */
		FD32119D27841947007D63D5 /* Project object */ = {
			isa = PBXProject;
			attributes = {
				BuildIndependentTargetsInParallel = 1;
				LastSwiftUpdateCheck = 1320;
				LastUpgradeCheck = 1320;
				TargetAttributes = {
					FD3211A427841947007D63D5 = {
						CreatedOnToolsVersion = 13.2.1;
					};
				};
			};
			buildConfigurationList = FD3211A027841947007D63D5 /* Build configuration list for PBXProject "BeMyPlan" */;
			compatibilityVersion = "Xcode 13.0";
			developmentRegion = en;
			hasScannedForEncodings = 0;
			knownRegions = (
				en,
				Base,
			);
			mainGroup = FD32119C27841947007D63D5;
			packageReferences = (
			);
			productRefGroup = FD3211A627841948007D63D5 /* Products */;
			projectDirPath = "";
			projectRoot = "";
			targets = (
				FD3211A427841947007D63D5 /* BeMyPlan */,
			);
		};
/* End PBXProject section */

/* Begin PBXResourcesBuildPhase section */
		FD3211A327841947007D63D5 /* Resources */ = {
			isa = PBXResourcesBuildPhase;
			buildActionMask = 2147483647;
			files = (
				FD3211C3278433CF007D63D5 /* .swiftlint.yml in Resources */,
				FD09DDD427856A31006DA050 /* shadow_balloon.png in Resources */,
				FD09DDE627856A31006DA050 /* map_present_direction.png in Resources */,
				FDF980C62786D1A40009A14E /* Home.storyboard in Resources */,
				FD09DDDF27856A31006DA050 /* map_present_tracking.png in Resources */,
				FD09DDD727856A31006DA050 /* map_pin_custom@3x.png in Resources */,
				FD09DDDA27856A31006DA050 /* copyright.png in Resources */,
				FD09DDD827856A31006DA050 /* map_pinup@3x.png in Resources */,
				FDF980CE2786D2550009A14E /* Login.storyboard in Resources */,
				FD3211B527841949007D63D5 /* LaunchScreen.storyboard in Resources */,
				FD09DDE927856A31006DA050 /* noimage.png in Resources */,
				FD09DDEB27856A31006DA050 /* daum_th_line.png in Resources */,
				FD09DD5127855E33006DA050 /* GoogleService-Info.plist in Resources */,
				FDF980BF2786CE700009A14E /* Spoqa_Han_Sans_Neo_Regular.otf in Resources */,
				FDF980BD2786CE660009A14E /* Spoqa_Han_Sans_Neo_Bold.otf in Resources */,
				F2C5F1902786EAE200BE4036 /* MainCardView.xib in Resources */,
				FD09DDE027856A31006DA050 /* map_pin_red.png in Resources */,
				FD09DDEA27856A31006DA050 /* map_present_background_update.png in Resources */,
				FD09DDE427856A31006DA050 /* info_box_tail.png in Resources */,
				FDF980C82786D2360009A14E /* PlanList.storyboard in Resources */,
				FD09DDEC27856A31006DA050 /* map_pin_shadow.png in Resources */,
				FD09DDD927856A31006DA050 /* map_pin_shadow@3x.png in Resources */,
				FDF980CA2786D23D0009A14E /* TravelSpot.storyboard in Resources */,
				FD09DDE527856A31006DA050 /* noimage256.png in Resources */,
				FD3211B227841949007D63D5 /* Assets.xcassets in Resources */,
				FDF980D02786D2600009A14E /* MyPage.storyboard in Resources */,
				FD09DDD227856A31006DA050 /* map_pinup_custom@3x.png in Resources */,
				FD09DDE327856A31006DA050 /* map_pinup_custom.png in Resources */,
				FD3211B027841948007D63D5 /* Main.storyboard in Resources */,
				FD09DDDD27856A31006DA050 /* daum_copyright.png in Resources */,
				FDF980BC2786CE660009A14E /* paybooc_OTF_Bold.otf in Resources */,
				FD09DDDB27856A31006DA050 /* th_line.png in Resources */,
				FD09DDE227856A31006DA050 /* point_sprite.png in Resources */,
				FD09DDE127856A31006DA050 /* info_box.png in Resources */,
				FD09DDD327856A31006DA050 /* map_pin_custom.png in Resources */,
				FD09DDDE27856A31006DA050 /* map_pin@3x.png in Resources */,
				FD09DDD627856A31006DA050 /* detail_button.png in Resources */,
				FD09DDE827856A31006DA050 /* map_present.png in Resources */,
				F2C5F1942786EB3C00BE4036 /* MainListView.xib in Resources */,
				FD09DDDC27856A31006DA050 /* map_pin_red@3x.png in Resources */,
				FD09DDD527856A31006DA050 /* map_pinup.png in Resources */,
				FD09DDE727856A31006DA050 /* map_pin.png in Resources */,
				FDF980CC2786D2470009A14E /* Splash.storyboard in Resources */,
				F261EC7A27873A7D00AF094F /* MainCardCVC.xib in Resources */,
			);
			runOnlyForDeploymentPostprocessing = 0;
		};
/* End PBXResourcesBuildPhase section */

/* Begin PBXShellScriptBuildPhase section */
		4A4D1846FD26CBDD885E6550 /* [CP] Check Pods Manifest.lock */ = {
			isa = PBXShellScriptBuildPhase;
			buildActionMask = 2147483647;
			files = (
			);
			inputFileListPaths = (
			);
			inputPaths = (
				"${PODS_PODFILE_DIR_PATH}/Podfile.lock",
				"${PODS_ROOT}/Manifest.lock",
			);
			name = "[CP] Check Pods Manifest.lock";
			outputFileListPaths = (
			);
			outputPaths = (
				"$(DERIVED_FILE_DIR)/Pods-BeMyPlan-checkManifestLockResult.txt",
			);
			runOnlyForDeploymentPostprocessing = 0;
			shellPath = /bin/sh;
			shellScript = "diff \"${PODS_PODFILE_DIR_PATH}/Podfile.lock\" \"${PODS_ROOT}/Manifest.lock\" > /dev/null\nif [ $? != 0 ] ; then\n    # print error to STDERR\n    echo \"error: The sandbox is not in sync with the Podfile.lock. Run 'pod install' or update your CocoaPods installation.\" >&2\n    exit 1\nfi\n# This output is used by Xcode 'outputs' to avoid re-running this script phase.\necho \"SUCCESS\" > \"${SCRIPT_OUTPUT_FILE_0}\"\n";
			showEnvVarsInLog = 0;
		};
		8D65AB50CAB04D2D20506625 /* [CP] Embed Pods Frameworks */ = {
			isa = PBXShellScriptBuildPhase;
			buildActionMask = 2147483647;
			files = (
			);
			inputFileListPaths = (
				"${PODS_ROOT}/Target Support Files/Pods-BeMyPlan/Pods-BeMyPlan-frameworks-${CONFIGURATION}-input-files.xcfilelist",
			);
			name = "[CP] Embed Pods Frameworks";
			outputFileListPaths = (
				"${PODS_ROOT}/Target Support Files/Pods-BeMyPlan/Pods-BeMyPlan-frameworks-${CONFIGURATION}-output-files.xcfilelist",
			);
			runOnlyForDeploymentPostprocessing = 0;
			shellPath = /bin/sh;
			shellScript = "\"${PODS_ROOT}/Target Support Files/Pods-BeMyPlan/Pods-BeMyPlan-frameworks.sh\"\n";
			showEnvVarsInLog = 0;
		};
		FD3211C127843342007D63D5 /* ShellScript */ = {
			isa = PBXShellScriptBuildPhase;
			buildActionMask = 2147483647;
			files = (
			);
			inputFileListPaths = (
			);
			inputPaths = (
			);
			outputFileListPaths = (
			);
			outputPaths = (
			);
			runOnlyForDeploymentPostprocessing = 0;
			shellPath = /bin/sh;
			shellScript = "if which swiftlint >/dev/null; then\n  swiftlint\nelse\n  echo \"warning: SwiftLint not installed, download from https://github.com/realm/SwiftLint\"\nfi\n";
		};
/* End PBXShellScriptBuildPhase section */

/* Begin PBXSourcesBuildPhase section */
		FD3211A127841947007D63D5 /* Sources */ = {
			isa = PBXSourcesBuildPhase;
			buildActionMask = 2147483647;
			files = (
				FD09DE0F27857A2E006DA050 /* makeAlert.swift in Sources */,
				F2C5F1962786EF0000BE4036 /* addSubViewFromNib.swift in Sources */,
				FD09DE052785795D006DA050 /* applyShadow.swift in Sources */,
				FD09DE2027857CF2006DA050 /* LoginVC.swift in Sources */,
				FD09DDF1278577CF006DA050 /* BaseService.swift in Sources */,
				FDF980D22786D2EB0009A14E /* TravelSpotVC.swift in Sources */,
				FD09DE2927857E25006DA050 /* StoryboardLiterals.swift in Sources */,
				FDF980C12786D14B0009A14E /* setDefaultFonts.swift in Sources */,
				FD09DE0727857971006DA050 /* calculateTopInset.swift in Sources */,
				FDF980D42786D2F60009A14E /* PlanListVC.swift in Sources */,
				FD3211AD27841948007D63D5 /* ViewController.swift in Sources */,
				F2C5F18E2786EACB00BE4036 /* MainCardView.swift in Sources */,
				FD09DE2227857D00006DA050 /* SplashVC.swift in Sources */,
				FD09DDFC278578B1006DA050 /* ColorLiterals.swift in Sources */,
				FD3211A927841948007D63D5 /* AppDelegate.swift in Sources */,
				FD09DE1727857B5D006DA050 /* controllerFromStoryboard + UIViewController.swift in Sources */,
				F2C5F1922786EB3300BE4036 /* MainListView.swift in Sources */,
				FD3211AB27841948007D63D5 /* SceneDelegate.swift in Sources */,
				FD09DE1127857A5C006DA050 /* pressAction.swift in Sources */,
				FD09DE0B27857995006DA050 /* calculatePastTime.swift in Sources */,
				FD09DE00278578C4006DA050 /* ImageLiterals.swift in Sources */,
				FDF980D62786D5320009A14E /* makePayBoocFont.swift in Sources */,
				FD09DDF3278577F4006DA050 /* BaseAPI.swift in Sources */,
				FD09DE2427857D0F006DA050 /* MyPageVC.swift in Sources */,
				FD09DE1E27857CDC006DA050 /* HomeVC.swift in Sources */,
				FD09DDFE278578BA006DA050 /* StringLiterals.swift in Sources */,
				FD09DE2727857DE3006DA050 /* GenericResponse.swift in Sources */,
				FD09DE1527857B36006DA050 /* getClassName.swift in Sources */,
				FD09DE092785797B006DA050 /* addToolBar.swift in Sources */,
				FD09DDF527857809006DA050 /* Config.swift in Sources */,
				FD09DE1327857AE1006DA050 /* successCatch + Result.swift in Sources */,
				F261EC7927873A7D00AF094F /* MainCardCVC.swift in Sources */,
				FD09DDF727857841006DA050 /* UITableViewRegisterable.swift in Sources */,
				F261EC7C27873D3C00AF094F /* MainCardData.swift in Sources */,
				FD09DE0D278579CC006DA050 /* showNetworkAlert.swift in Sources */,
				FD09DDF927857858006DA050 /* UICollectionViewRegisterable.swift in Sources */,
				FD09DE032785794B006DA050 /* makeVibrate.swift in Sources */,
			);
			runOnlyForDeploymentPostprocessing = 0;
		};
/* End PBXSourcesBuildPhase section */

/* Begin PBXVariantGroup section */
		FD3211AE27841948007D63D5 /* Main.storyboard */ = {
			isa = PBXVariantGroup;
			children = (
				FD3211AF27841948007D63D5 /* Base */,
			);
			name = Main.storyboard;
			sourceTree = "<group>";
		};
		FD3211B327841949007D63D5 /* LaunchScreen.storyboard */ = {
			isa = PBXVariantGroup;
			children = (
				FD3211B427841949007D63D5 /* Base */,
			);
			name = LaunchScreen.storyboard;
			sourceTree = "<group>";
		};
/* End PBXVariantGroup section */

/* Begin XCBuildConfiguration section */
		FD3211B727841949007D63D5 /* Debug */ = {
			isa = XCBuildConfiguration;
			buildSettings = {
				ALWAYS_SEARCH_USER_PATHS = NO;
				CLANG_ANALYZER_NONNULL = YES;
				CLANG_ANALYZER_NUMBER_OBJECT_CONVERSION = YES_AGGRESSIVE;
				CLANG_CXX_LANGUAGE_STANDARD = "gnu++17";
				CLANG_CXX_LIBRARY = "libc++";
				CLANG_ENABLE_MODULES = YES;
				CLANG_ENABLE_OBJC_ARC = NO;
				CLANG_ENABLE_OBJC_WEAK = YES;
				CLANG_WARN_BLOCK_CAPTURE_AUTORELEASING = YES;
				CLANG_WARN_BOOL_CONVERSION = YES;
				CLANG_WARN_COMMA = YES;
				CLANG_WARN_CONSTANT_CONVERSION = YES;
				CLANG_WARN_DEPRECATED_OBJC_IMPLEMENTATIONS = YES;
				CLANG_WARN_DIRECT_OBJC_ISA_USAGE = YES_ERROR;
				CLANG_WARN_DOCUMENTATION_COMMENTS = YES;
				CLANG_WARN_EMPTY_BODY = YES;
				CLANG_WARN_ENUM_CONVERSION = YES;
				CLANG_WARN_INFINITE_RECURSION = YES;
				CLANG_WARN_INT_CONVERSION = YES;
				CLANG_WARN_NON_LITERAL_NULL_CONVERSION = YES;
				CLANG_WARN_OBJC_IMPLICIT_RETAIN_SELF = YES;
				CLANG_WARN_OBJC_LITERAL_CONVERSION = YES;
				CLANG_WARN_OBJC_ROOT_CLASS = YES_ERROR;
				CLANG_WARN_QUOTED_INCLUDE_IN_FRAMEWORK_HEADER = YES;
				CLANG_WARN_RANGE_LOOP_ANALYSIS = YES;
				CLANG_WARN_STRICT_PROTOTYPES = YES;
				CLANG_WARN_SUSPICIOUS_MOVE = YES;
				CLANG_WARN_UNGUARDED_AVAILABILITY = YES_AGGRESSIVE;
				CLANG_WARN_UNREACHABLE_CODE = YES;
				CLANG_WARN__DUPLICATE_METHOD_MATCH = YES;
				COPY_PHASE_STRIP = NO;
				DEBUG_INFORMATION_FORMAT = dwarf;
				ENABLE_STRICT_OBJC_MSGSEND = YES;
				ENABLE_TESTABILITY = YES;
				GCC_C_LANGUAGE_STANDARD = gnu11;
				GCC_DYNAMIC_NO_PIC = NO;
				GCC_NO_COMMON_BLOCKS = YES;
				GCC_OPTIMIZATION_LEVEL = 0;
				GCC_PREPROCESSOR_DEFINITIONS = (
					"DEBUG=1",
					"$(inherited)",
				);
				GCC_WARN_64_TO_32_BIT_CONVERSION = YES;
				GCC_WARN_ABOUT_RETURN_TYPE = YES_ERROR;
				GCC_WARN_UNDECLARED_SELECTOR = YES;
				GCC_WARN_UNINITIALIZED_AUTOS = YES_AGGRESSIVE;
				GCC_WARN_UNUSED_FUNCTION = YES;
				GCC_WARN_UNUSED_VARIABLE = YES;
				IPHONEOS_DEPLOYMENT_TARGET = 14.0;
				MTL_ENABLE_DEBUG_INFO = INCLUDE_SOURCE;
				MTL_FAST_MATH = YES;
				ONLY_ACTIVE_ARCH = YES;
				SDKROOT = iphoneos;
				SWIFT_ACTIVE_COMPILATION_CONDITIONS = DEBUG;
				SWIFT_OPTIMIZATION_LEVEL = "-Onone";
			};
			name = Debug;
		};
		FD3211B827841949007D63D5 /* Release */ = {
			isa = XCBuildConfiguration;
			buildSettings = {
				ALWAYS_SEARCH_USER_PATHS = NO;
				CLANG_ANALYZER_NONNULL = YES;
				CLANG_ANALYZER_NUMBER_OBJECT_CONVERSION = YES_AGGRESSIVE;
				CLANG_CXX_LANGUAGE_STANDARD = "gnu++17";
				CLANG_CXX_LIBRARY = "libc++";
				CLANG_ENABLE_MODULES = YES;
				CLANG_ENABLE_OBJC_ARC = NO;
				CLANG_ENABLE_OBJC_WEAK = YES;
				CLANG_WARN_BLOCK_CAPTURE_AUTORELEASING = YES;
				CLANG_WARN_BOOL_CONVERSION = YES;
				CLANG_WARN_COMMA = YES;
				CLANG_WARN_CONSTANT_CONVERSION = YES;
				CLANG_WARN_DEPRECATED_OBJC_IMPLEMENTATIONS = YES;
				CLANG_WARN_DIRECT_OBJC_ISA_USAGE = YES_ERROR;
				CLANG_WARN_DOCUMENTATION_COMMENTS = YES;
				CLANG_WARN_EMPTY_BODY = YES;
				CLANG_WARN_ENUM_CONVERSION = YES;
				CLANG_WARN_INFINITE_RECURSION = YES;
				CLANG_WARN_INT_CONVERSION = YES;
				CLANG_WARN_NON_LITERAL_NULL_CONVERSION = YES;
				CLANG_WARN_OBJC_IMPLICIT_RETAIN_SELF = YES;
				CLANG_WARN_OBJC_LITERAL_CONVERSION = YES;
				CLANG_WARN_OBJC_ROOT_CLASS = YES_ERROR;
				CLANG_WARN_QUOTED_INCLUDE_IN_FRAMEWORK_HEADER = YES;
				CLANG_WARN_RANGE_LOOP_ANALYSIS = YES;
				CLANG_WARN_STRICT_PROTOTYPES = YES;
				CLANG_WARN_SUSPICIOUS_MOVE = YES;
				CLANG_WARN_UNGUARDED_AVAILABILITY = YES_AGGRESSIVE;
				CLANG_WARN_UNREACHABLE_CODE = YES;
				CLANG_WARN__DUPLICATE_METHOD_MATCH = YES;
				COPY_PHASE_STRIP = NO;
				DEBUG_INFORMATION_FORMAT = "dwarf-with-dsym";
				ENABLE_NS_ASSERTIONS = NO;
				ENABLE_STRICT_OBJC_MSGSEND = YES;
				GCC_C_LANGUAGE_STANDARD = gnu11;
				GCC_NO_COMMON_BLOCKS = YES;
				GCC_WARN_64_TO_32_BIT_CONVERSION = YES;
				GCC_WARN_ABOUT_RETURN_TYPE = YES_ERROR;
				GCC_WARN_UNDECLARED_SELECTOR = YES;
				GCC_WARN_UNINITIALIZED_AUTOS = YES_AGGRESSIVE;
				GCC_WARN_UNUSED_FUNCTION = YES;
				GCC_WARN_UNUSED_VARIABLE = YES;
				IPHONEOS_DEPLOYMENT_TARGET = 14.0;
				MTL_ENABLE_DEBUG_INFO = NO;
				MTL_FAST_MATH = YES;
				SDKROOT = iphoneos;
				SWIFT_COMPILATION_MODE = wholemodule;
				SWIFT_OPTIMIZATION_LEVEL = "-O";
				VALIDATE_PRODUCT = YES;
			};
			name = Release;
		};
		FD3211BA27841949007D63D5 /* Debug */ = {
			isa = XCBuildConfiguration;
			baseConfigurationReference = D8AA4B1E5B49BFC40FA51456 /* Pods-BeMyPlan.debug.xcconfig */;
			buildSettings = {
				ASSETCATALOG_COMPILER_APPICON_NAME = AppIcon;
				ASSETCATALOG_COMPILER_GLOBAL_ACCENT_COLOR_NAME = AccentColor;
				CODE_SIGN_STYLE = Automatic;
				CURRENT_PROJECT_VERSION = 3;
				DEVELOPMENT_TEAM = L9D5M5DM3Y;
				FRAMEWORK_SEARCH_PATHS = (
					"$(inherited)",
					"$(PROJECT_DIR)",
					"$(PROJECT_DIR)/DaumMap.embeddedframework",
				);
				GENERATE_INFOPLIST_FILE = YES;
				INFOPLIST_FILE = BeMyPlan/Info.plist;
				INFOPLIST_KEY_CFBundleDisplayName = "비마이플랜";
				INFOPLIST_KEY_UIApplicationSupportsIndirectInputEvents = YES;
				INFOPLIST_KEY_UILaunchStoryboardName = LaunchScreen;
				INFOPLIST_KEY_UIMainStoryboardFile = Main;
				INFOPLIST_KEY_UISupportedInterfaceOrientations_iPad = "UIInterfaceOrientationPortrait UIInterfaceOrientationPortraitUpsideDown UIInterfaceOrientationLandscapeLeft UIInterfaceOrientationLandscapeRight";
				INFOPLIST_KEY_UISupportedInterfaceOrientations_iPhone = "UIInterfaceOrientationPortrait UIInterfaceOrientationLandscapeLeft UIInterfaceOrientationLandscapeRight";
				LD_RUNPATH_SEARCH_PATHS = (
					"$(inherited)",
					"@executable_path/Frameworks",
				);
				MARKETING_VERSION = 1.0;
				PRODUCT_BUNDLE_IDENTIFIER = com.release.BeMyPlan;
				PRODUCT_NAME = "$(TARGET_NAME)";
				SWIFT_EMIT_LOC_STRINGS = YES;
				SWIFT_OBJC_BRIDGING_HEADER = "BeMyPlan-Bridging-Header.h";
				SWIFT_VERSION = 5.0;
				TARGETED_DEVICE_FAMILY = 1;
			};
			name = Debug;
		};
		FD3211BB27841949007D63D5 /* Release */ = {
			isa = XCBuildConfiguration;
			baseConfigurationReference = B13B8456ECB953D5894B487B /* Pods-BeMyPlan.release.xcconfig */;
			buildSettings = {
				ASSETCATALOG_COMPILER_APPICON_NAME = AppIcon;
				ASSETCATALOG_COMPILER_GLOBAL_ACCENT_COLOR_NAME = AccentColor;
				CODE_SIGN_STYLE = Automatic;
				CURRENT_PROJECT_VERSION = 3;
				DEVELOPMENT_TEAM = L9D5M5DM3Y;
				FRAMEWORK_SEARCH_PATHS = (
					"$(inherited)",
					"$(PROJECT_DIR)",
					"$(PROJECT_DIR)/DaumMap.embeddedframework",
				);
				GENERATE_INFOPLIST_FILE = YES;
				INFOPLIST_FILE = BeMyPlan/Info.plist;
				INFOPLIST_KEY_CFBundleDisplayName = "비마이플랜";
				INFOPLIST_KEY_UIApplicationSupportsIndirectInputEvents = YES;
				INFOPLIST_KEY_UILaunchStoryboardName = LaunchScreen;
				INFOPLIST_KEY_UIMainStoryboardFile = Main;
				INFOPLIST_KEY_UISupportedInterfaceOrientations_iPad = "UIInterfaceOrientationPortrait UIInterfaceOrientationPortraitUpsideDown UIInterfaceOrientationLandscapeLeft UIInterfaceOrientationLandscapeRight";
				INFOPLIST_KEY_UISupportedInterfaceOrientations_iPhone = "UIInterfaceOrientationPortrait UIInterfaceOrientationLandscapeLeft UIInterfaceOrientationLandscapeRight";
				LD_RUNPATH_SEARCH_PATHS = (
					"$(inherited)",
					"@executable_path/Frameworks",
				);
				MARKETING_VERSION = 1.0;
				PRODUCT_BUNDLE_IDENTIFIER = com.release.BeMyPlan;
				PRODUCT_NAME = "$(TARGET_NAME)";
				SWIFT_EMIT_LOC_STRINGS = YES;
				SWIFT_OBJC_BRIDGING_HEADER = "BeMyPlan-Bridging-Header.h";
				SWIFT_VERSION = 5.0;
				TARGETED_DEVICE_FAMILY = 1;
			};
			name = Release;
		};
/* End XCBuildConfiguration section */

/* Begin XCConfigurationList section */
		FD3211A027841947007D63D5 /* Build configuration list for PBXProject "BeMyPlan" */ = {
			isa = XCConfigurationList;
			buildConfigurations = (
				FD3211B727841949007D63D5 /* Debug */,
				FD3211B827841949007D63D5 /* Release */,
			);
			defaultConfigurationIsVisible = 0;
			defaultConfigurationName = Release;
		};
		FD3211B927841949007D63D5 /* Build configuration list for PBXNativeTarget "BeMyPlan" */ = {
			isa = XCConfigurationList;
			buildConfigurations = (
				FD3211BA27841949007D63D5 /* Debug */,
				FD3211BB27841949007D63D5 /* Release */,
			);
			defaultConfigurationIsVisible = 0;
			defaultConfigurationName = Release;
		};
/* End XCConfigurationList section */
	};
	rootObject = FD32119D27841947007D63D5 /* Project object */;
}
